
Microsoft Visual Studio Solution File, Format Version 12.00
# Visual Studio 15
VisualStudioVersion = 15.0.28307.106
MinimumVisualStudioVersion = 10.0.40219.1
Project("{2150E333-8FDC-42A3-9474-1A3956D46DE8}") = "Chapter_08", "Chapter_08", "{A085DE95-A25F-4C64-93E2-57E4BFE828CD}"
EndProject
Project("{8BC9CEB8-8B4A-11D0-8D11-00A0C91BC942}") = "GetDC_CDC", "Bit_MFC\Bit_MFC.vcxproj", "{C812B17D-6C66-42F8-B8C9-FD853ACE1CCF}"
EndProject
Project("{2150E333-8FDC-42A3-9474-1A3956D46DE8}") = "Chapter_06", "Chapter_06", "{75F8AF80-69E2-432A-A5EE-AEEC81C5153B}"
EndProject
Project("{2150E333-8FDC-42A3-9474-1A3956D46DE8}") = "Chapter_09", "Chapter_09", "{63E55AF0-7CAF-4B5F-84D0-0031160C685A}"
EndProject
Project("{8BC9CEB8-8B4A-11D0-8D11-00A0C91BC942}") = "Resource_Compile", "Resource_Compile\Resource_Compile.vcxproj", "{4AC807F7-0644-4BE4-9E7F-C5739FB138EB}"
EndProject
Project("{2150E333-8FDC-42A3-9474-1A3956D46DE8}") = "Chapter_10", "Chapter_10", "{71377C5A-AAB8-433B-9F02-EA6FAEE39A7D}"
EndProject
Project("{8BC9CEB8-8B4A-11D0-8D11-00A0C91BC942}") = "CRuntime_Class", "CRuntime_Class\CRuntime_Class.vcxproj", "{5B8501FA-1D3D-4537-8F07-D85F8E3A3703}"
EndProject
Project("{2150E333-8FDC-42A3-9474-1A3956D46DE8}") = "Chapter_01", "Chapter_01", "{28AB639D-0648-4824-927C-D832A54496C2}"
EndProject
Project("{8BC9CEB8-8B4A-11D0-8D11-00A0C91BC942}") = "WinMain", "WinMain.cpp\WinMain.cpp.vcxproj", "{FDBEA6CA-3A64-40CF-BD8E-DE8705E98E40}"
EndProject
Project("{2150E333-8FDC-42A3-9474-1A3956D46DE8}") = "Chapter_11", "Chapter_11", "{22E31A8D-B0F7-4058-8991-89C0D6AFBE33}"
EndProject
Project("{8BC9CEB8-8B4A-11D0-8D11-00A0C91BC942}") = "Single", "Single\Single.vcxproj", "{251DA181-F656-4ECD-9449-A33DFF4C9E0F}"
EndProject
Project("{2150E333-8FDC-42A3-9474-1A3956D46DE8}") = "BitCamp_book_GDI", "BitCamp_book_GDI", "{463380E3-50AF-400E-B6A4-C080416F7019}"
EndProject
Project("{8BC9CEB8-8B4A-11D0-8D11-00A0C91BC942}") = "MFCExe", "MFCExe\MFCExe.vcxproj", "{E2E89F26-1273-44ED-8601-498A3E83F5BD}"
EndProject
Global
	GlobalSection(SolutionConfigurationPlatforms) = preSolution
		Debug|x64 = Debug|x64
		Debug|x86 = Debug|x86
		Release|x64 = Release|x64
		Release|x86 = Release|x86
	EndGlobalSection
	GlobalSection(ProjectConfigurationPlatforms) = postSolution
		{C812B17D-6C66-42F8-B8C9-FD853ACE1CCF}.Debug|x64.ActiveCfg = Debug|x64
		{C812B17D-6C66-42F8-B8C9-FD853ACE1CCF}.Debug|x64.Build.0 = Debug|x64
		{C812B17D-6C66-42F8-B8C9-FD853ACE1CCF}.Debug|x86.ActiveCfg = Debug|Win32
		{C812B17D-6C66-42F8-B8C9-FD853ACE1CCF}.Debug|x86.Build.0 = Debug|Win32
		{C812B17D-6C66-42F8-B8C9-FD853ACE1CCF}.Release|x64.ActiveCfg = Release|x64
		{C812B17D-6C66-42F8-B8C9-FD853ACE1CCF}.Release|x64.Build.0 = Release|x64
		{C812B17D-6C66-42F8-B8C9-FD853ACE1CCF}.Release|x86.ActiveCfg = Release|Win32
		{C812B17D-6C66-42F8-B8C9-FD853ACE1CCF}.Release|x86.Build.0 = Release|Win32
		{4AC807F7-0644-4BE4-9E7F-C5739FB138EB}.Debug|x64.ActiveCfg = Debug|x64
		{4AC807F7-0644-4BE4-9E7F-C5739FB138EB}.Debug|x64.Build.0 = Debug|x64
		{4AC807F7-0644-4BE4-9E7F-C5739FB138EB}.Debug|x86.ActiveCfg = Debug|Win32
		{4AC807F7-0644-4BE4-9E7F-C5739FB138EB}.Debug|x86.Build.0 = Debug|Win32
		{4AC807F7-0644-4BE4-9E7F-C5739FB138EB}.Release|x64.ActiveCfg = Release|x64
		{4AC807F7-0644-4BE4-9E7F-C5739FB138EB}.Release|x64.Build.0 = Release|x64
		{4AC807F7-0644-4BE4-9E7F-C5739FB138EB}.Release|x86.ActiveCfg = Release|Win32
		{4AC807F7-0644-4BE4-9E7F-C5739FB138EB}.Release|x86.Build.0 = Release|Win32
		{5B8501FA-1D3D-4537-8F07-D85F8E3A3703}.Debug|x64.ActiveCfg = Debug|x64
		{5B8501FA-1D3D-4537-8F07-D85F8E3A3703}.Debug|x64.Build.0 = Debug|x64
		{5B8501FA-1D3D-4537-8F07-D85F8E3A3703}.Debug|x86.ActiveCfg = Debug|Win32
		{5B8501FA-1D3D-4537-8F07-D85F8E3A3703}.Debug|x86.Build.0 = Debug|Win32
		{5B8501FA-1D3D-4537-8F07-D85F8E3A3703}.Release|x64.ActiveCfg = Release|x64
		{5B8501FA-1D3D-4537-8F07-D85F8E3A3703}.Release|x64.Build.0 = Release|x64
		{5B8501FA-1D3D-4537-8F07-D85F8E3A3703}.Release|x86.ActiveCfg = Release|Win32
		{5B8501FA-1D3D-4537-8F07-D85F8E3A3703}.Release|x86.Build.0 = Release|Win32
		{FDBEA6CA-3A64-40CF-BD8E-DE8705E98E40}.Debug|x64.ActiveCfg = Debug|x64
		{FDBEA6CA-3A64-40CF-BD8E-DE8705E98E40}.Debug|x64.Build.0 = Debug|x64
		{FDBEA6CA-3A64-40CF-BD8E-DE8705E98E40}.Debug|x86.ActiveCfg = Debug|Win32
		{FDBEA6CA-3A64-40CF-BD8E-DE8705E98E40}.Debug|x86.Build.0 = Debug|Win32
		{FDBEA6CA-3A64-40CF-BD8E-DE8705E98E40}.Release|x64.ActiveCfg = Release|x64
		{FDBEA6CA-3A64-40CF-BD8E-DE8705E98E40}.Release|x64.Build.0 = Release|x64
		{FDBEA6CA-3A64-40CF-BD8E-DE8705E98E40}.Release|x86.ActiveCfg = Release|Win32
		{FDBEA6CA-3A64-40CF-BD8E-DE8705E98E40}.Release|x86.Build.0 = Release|Win32
		{251DA181-F656-4ECD-9449-A33DFF4C9E0F}.Debug|x64.ActiveCfg = Debug|x64
		{251DA181-F656-4ECD-9449-A33DFF4C9E0F}.Debug|x64.Build.0 = Debug|x64
		{251DA181-F656-4ECD-9449-A33DFF4C9E0F}.Debug|x86.ActiveCfg = Debug|Win32
		{251DA181-F656-4ECD-9449-A33DFF4C9E0F}.Debug|x86.Build.0 = Debug|Win32
		{251DA181-F656-4ECD-9449-A33DFF4C9E0F}.Release|x64.ActiveCfg = Release|x64
		{251DA181-F656-4ECD-9449-A33DFF4C9E0F}.Release|x64.Build.0 = Release|x64
		{251DA181-F656-4ECD-9449-A33DFF4C9E0F}.Release|x86.ActiveCfg = Release|Win32
		{251DA181-F656-4ECD-9449-A33DFF4C9E0F}.Release|x86.Build.0 = Release|Win32
		{E2E89F26-1273-44ED-8601-498A3E83F5BD}.Debug|x64.ActiveCfg = Debug|x64
		{E2E89F26-1273-44ED-8601-498A3E83F5BD}.Debug|x64.Build.0 = Debug|x64
		{E2E89F26-1273-44ED-8601-498A3E83F5BD}.Debug|x86.ActiveCfg = Debug|Win32
		{E2E89F26-1273-44ED-8601-498A3E83F5BD}.Debug|x86.Build.0 = Debug|Win32
		{E2E89F26-1273-44ED-8601-498A3E83F5BD}.Release|x64.ActiveCfg = Release|x64
		{E2E89F26-1273-44ED-8601-498A3E83F5BD}.Release|x64.Build.0 = Release|x64
		{E2E89F26-1273-44ED-8601-498A3E83F5BD}.Release|x86.ActiveCfg = Release|Win32
		{E2E89F26-1273-44ED-8601-498A3E83F5BD}.Release|x86.Build.0 = Release|Win32
	EndGlobalSection
	GlobalSection(SolutionProperties) = preSolution
		HideSolutionNode = FALSE
	EndGlobalSection
	GlobalSection(NestedProjects) = preSolution
		{C812B17D-6C66-42F8-B8C9-FD853ACE1CCF} = {A085DE95-A25F-4C64-93E2-57E4BFE828CD}
		{4AC807F7-0644-4BE4-9E7F-C5739FB138EB} = {63E55AF0-7CAF-4B5F-84D0-0031160C685A}
		{5B8501FA-1D3D-4537-8F07-D85F8E3A3703} = {71377C5A-AAB8-433B-9F02-EA6FAEE39A7D}
		{FDBEA6CA-3A64-40CF-BD8E-DE8705E98E40} = {28AB639D-0648-4824-927C-D832A54496C2}
		{251DA181-F656-4ECD-9449-A33DFF4C9E0F} = {22E31A8D-B0F7-4058-8991-89C0D6AFBE33}
		{E2E89F26-1273-44ED-8601-498A3E83F5BD} = {463380E3-50AF-400E-B6A4-C080416F7019}
	EndGlobalSection
	GlobalSection(ExtensibilityGlobals) = postSolution
		SolutionGuid = {E1C9BECD-9B2B-4802-8D46-E7EA6EBFBFCF}
	EndGlobalSection
EndGlobal
